
Microsoft Visual Studio Solution File, Format Version 12.00
# Visual Studio Version 17
VisualStudioVersion = 17.4.33403.182
MinimumVisualStudioVersion = 10.0.40219.1
Project("{FAE04EC0-301F-11D3-BF4B-00C04F79EFBC}") = "EsercitazioneFinale", "EsercitazioneFinale\EsercitazioneFinale.csproj", "{A69ABA88-BF51-4A6C-98C9-9963A95CBEE8}"
EndProject
Global
	GlobalSection(SolutionConfigurationPlatforms) = preSolution
		Debug|Any CPU = Debug|Any CPU
		Release|Any CPU = Release|Any CPU
	EndGlobalSection
	GlobalSection(ProjectConfigurationPlatforms) = postSolution
		{A69ABA88-BF51-4A6C-98C9-9963A95CBEE8}.Debug|Any CPU.ActiveCfg = Debug|Any CPU
		{A69ABA88-BF51-4A6C-98C9-9963A95CBEE8}.Debug|Any CPU.Build.0 = Debug|Any CPU
		{A69ABA88-BF51-4A6C-98C9-9963A95CBEE8}.Release|Any CPU.ActiveCfg = Release|Any CPU
		{A69ABA88-BF51-4A6C-98C9-9963A95CBEE8}.Release|Any CPU.Build.0 = Release|Any CPU
	EndGlobalSection
	GlobalSection(SolutionProperties) = preSolution
		HideSolutionNode = FALSE
	EndGlobalSection
	GlobalSection(ExtensibilityGlobals) = postSolution
		SolutionGuid = {7EABB176-3732-49EB-8C9E-45D8A4F28A9A}
	EndGlobalSection
EndGlobal
